hash: 4cac5bb1f2a8448955183fb8b3185cb56d03c6320f617952b3460ad0cff3a50b
updated: 2018-11-09T10:56:18.703808+08:00
imports:
- name: github.com/astaxie/beego
  version: cab8458c1c4a5a3b4bf5192922be620e6dede15b
- name: github.com/orcaman/concurrent-map
  version: b28018939af9022337862b94a463abb18abb3e0e
testImports: []
